
Microsoft Visual Studio Solution File, Format Version 12.00
Project("{FAE04EC0-301F-11D3-BF4B-00C04F79EFBC}") = "EfVsDapper", "EfVsDapper\EfVsDapper.csproj", "{3D7107B6-2D29-4A81-9B32-A910E3DDEFA4}"
EndProject
Global
	GlobalSection(SolutionConfigurationPlatforms) = preSolution
		Debug|Any CPU = Debug|Any CPU
		Release|Any CPU = Release|Any CPU
	EndGlobalSection
	GlobalSection(ProjectConfigurationPlatforms) = postSolution
		{3D7107B6-2D29-4A81-9B32-A910E3DDEFA4}.Debug|Any CPU.ActiveCfg = Debug|Any CPU
		{3D7107B6-2D29-4A81-9B32-A910E3DDEFA4}.Debug|Any CPU.Build.0 = Debug|Any CPU
		{3D7107B6-2D29-4A81-9B32-A910E3DDEFA4}.Release|Any CPU.ActiveCfg = Release|Any CPU
		{3D7107B6-2D29-4A81-9B32-A910E3DDEFA4}.Release|Any CPU.Build.0 = Release|Any CPU
	EndGlobalSection
EndGlobal
